DEPENDENCIES
  windowsec
    path: .
    metadata: true

GRAPH
  apt (6.1.4)
  bbwin (1.0.1)
  chef_handler (3.0.2)
  datadog (2.12.0)
    apt (>= 0.0.0)
    chef_handler (>= 1.1)
    windows (>= 0.0.0)
    yum (>= 3.0)
  windows (1.38.4)
    chef_handler (>= 0.0.0)
  windowsec (0.2.0)
    bbwin (~> 1.0.1)
    datadog (~> 2.12.0)
    windows (~> 1.38.0)
  yum (5.0.1)
